
Microsoft Visual Studio Solution File, Format Version 12.00
# Visual Studio Version 16
VisualStudioVersion = 16.0.31702.278
MinimumVisualStudioVersion = 10.0.40219.1
Project("{9A19103F-16F7-4668-BE54-9A1E7A4F7556}") = "WEB_953501_Prokopovich", "WEB_953501_Prokopovich\WEB_953501_Prokopovich.csproj", "{1E4CE7BC-300C-47EC-898F-776E8138A44D}"
EndProject
Project("{FAE04EC0-301F-11D3-BF4B-00C04F79EFBC}") = "WEB_953501_Prokopovich.Blazor.Server", "WEB_953501_Prokopovich.Blazor\Server\WEB_953501_Prokopovich.Blazor.Server.csproj", "{7B927148-0E72-4DF0-9073-DA76E7DD2203}"
EndProject
Project("{FAE04EC0-301F-11D3-BF4B-00C04F79EFBC}") = "WEB_953501_Prokopovich.Blazor.Client", "WEB_953501_Prokopovich.Blazor\Client\WEB_953501_Prokopovich.Blazor.Client.csproj", "{056EDB46-EEB0-46C3-A451-B35EBDD72277}"
EndProject
Project("{FAE04EC0-301F-11D3-BF4B-00C04F79EFBC}") = "WEB_953501_Prokopovich.Blazor.Shared", "WEB_953501_Prokopovich.Blazor\Shared\WEB_953501_Prokopovich.Blazor.Shared.csproj", "{CC90499E-6FE7-45D1-8E0E-667D4DFBCE8C}"
EndProject
Global
	GlobalSection(SolutionConfigurationPlatforms) = preSolution
		Debug|Any CPU = Debug|Any CPU
		Release|Any CPU = Release|Any CPU
	EndGlobalSection
	GlobalSection(ProjectConfigurationPlatforms) = postSolution
		{1E4CE7BC-300C-47EC-898F-776E8138A44D}.Debug|Any CPU.ActiveCfg = Debug|Any CPU
		{1E4CE7BC-300C-47EC-898F-776E8138A44D}.Debug|Any CPU.Build.0 = Debug|Any CPU
		{1E4CE7BC-300C-47EC-898F-776E8138A44D}.Release|Any CPU.ActiveCfg = Release|Any CPU
		{1E4CE7BC-300C-47EC-898F-776E8138A44D}.Release|Any CPU.Build.0 = Release|Any CPU
		{7B927148-0E72-4DF0-9073-DA76E7DD2203}.Debug|Any CPU.ActiveCfg = Debug|Any CPU
		{7B927148-0E72-4DF0-9073-DA76E7DD2203}.Debug|Any CPU.Build.0 = Debug|Any CPU
		{7B927148-0E72-4DF0-9073-DA76E7DD2203}.Release|Any CPU.ActiveCfg = Release|Any CPU
		{7B927148-0E72-4DF0-9073-DA76E7DD2203}.Release|Any CPU.Build.0 = Release|Any CPU
		{056EDB46-EEB0-46C3-A451-B35EBDD72277}.Debug|Any CPU.ActiveCfg = Debug|Any CPU
		{056EDB46-EEB0-46C3-A451-B35EBDD72277}.Debug|Any CPU.Build.0 = Debug|Any CPU
		{056EDB46-EEB0-46C3-A451-B35EBDD72277}.Release|Any CPU.ActiveCfg = Release|Any CPU
		{056EDB46-EEB0-46C3-A451-B35EBDD72277}.Release|Any CPU.Build.0 = Release|Any CPU
		{CC90499E-6FE7-45D1-8E0E-667D4DFBCE8C}.Debug|Any CPU.ActiveCfg = Debug|Any CPU
		{CC90499E-6FE7-45D1-8E0E-667D4DFBCE8C}.Debug|Any CPU.Build.0 = Debug|Any CPU
		{CC90499E-6FE7-45D1-8E0E-667D4DFBCE8C}.Release|Any CPU.ActiveCfg = Release|Any CPU
		{CC90499E-6FE7-45D1-8E0E-667D4DFBCE8C}.Release|Any CPU.Build.0 = Release|Any CPU
	EndGlobalSection
	GlobalSection(SolutionProperties) = preSolution
		HideSolutionNode = FALSE
	EndGlobalSection
	GlobalSection(ExtensibilityGlobals) = postSolution
		SolutionGuid = {66FEB6D4-E33E-4958-8DF9-71B5151B2D40}
	EndGlobalSection
EndGlobal
